# @generated by Move, please check-in and do not edit manually.

[move]
version = 0
manifest_digest = "CCCB7C6D2604285CB7927149CD86B69E8906A161CF23E6A763A00F5C5D40B30D"
deps_digest = "EF7571E199EC82252D52E28DAD0D35238131463B16A97C5CF4204115073ECBE2"

dependencies = [
  { name = "MoveStdlib" },
  { name = "Sui" },
  { name = "SuiSystem" },
]

[[move.package]]
name = "MoveStdlib"
source = { git = "https://github.com/MystenLabs/sui.git", rev = "mainnet-v1.8.2", subdir = "crates/sui-framework/packages/move-stdlib" }

[[move.package]]
name = "Sui"
source = { git = "https://github.com/MystenLabs/sui.git", rev = "mainnet-v1.8.2", subdir = "crates/sui-framework/packages/sui-framework" }

dependencies = [
  { name = "MoveStdlib" },
]

[[move.package]]
name = "SuiSystem"
source = { git = "https://github.com/MystenLabs/sui.git", rev = "main", subdir = "crates/sui-framework/packages/sui-system" }

dependencies = [
  { name = "MoveStdlib" },
  { name = "Sui" },
]
